lockfileVersion: '6.0'

settings:
  autoInstallPeers: true
  excludeLinksFromLockfile: false

dependencies:
  turbo:
    specifier: ^1.10.9
    version: 1.10.9

packages:

  /turbo-darwin-64@1.10.9:
    resolution: {integrity: sha512-Avz3wsYYb8/vjyHPVRFbNbowIiaF33vcBRklIUkPchTLvZekrT5x3ltQBCflyoi2zJV9g08hK4xXTGuCxeVvPA==}
    cpu: [x64]
    os: [darwin]
    requiresBuild: true
    dev: false
    optional: true

  /turbo-darwin-arm64@1.10.9:
    resolution: {integrity: sha512-HyggdSPc/v2HuYrJF75smhIlurn8bY2cWpZYCjOL5Pj2DpLyhBs+nk+JirZl7XQiaUEVFj6eTbsejXyDP2Ritw==}
    cpu: [arm64]
    os: [darwin]
    requiresBuild: true
    dev: false
    optional: true

  /turbo-linux-64@1.10.9:
    resolution: {integrity: sha512-qvdEgJKzDjOYY8o/HlnSwD+TIXiAML+3l6wUG4Ojuh/6cIhemLMRaHmEG+LygRW7GRw3dDv3hpp9OtiKmyxFdQ==}
    cpu: [x64]
    os: [linux]
    requiresBuild: true
    dev: false
    optional: true

  /turbo-linux-arm64@1.10.9:
    resolution: {integrity: sha512-gva8H3CS8F6HlXL6YTDJAPrvPXVjBCxdd4DKABghjAxdknV5mZV1WWwMuGf0Z2W8qtmNG1XS0Dt2Wrb1ERFnLw==}
    cpu: [arm64]
    os: [linux]
    requiresBuild: true
    dev: false
    optional: true

  /turbo-windows-64@1.10.9:
    resolution: {integrity: sha512-OZ+bkSBJIkyl4JBDk8FX2/bOqtrElfXQV/KQ8/ibddB8Clzn/owx9FS1eXGdvttRZ9IJWzPrdFv+k4vbWQfE7w==}
    cpu: [x64]
    os: [win32]
    requiresBuild: true
    dev: false
    optional: true

  /turbo-windows-arm64@1.10.9:
    resolution: {integrity: sha512-WhhhioGaePkGdGOIlrOB8LF8400FJUAQcVf8yCTvjzDB+OWn3dJQ3nalFjxH0PlZ17l6TPGt1WvWQiDVXUE4pw==}
    cpu: [arm64]
    os: [win32]
    requiresBuild: true
    dev: false
    optional: true

  /turbo@1.10.9:
    resolution: {integrity: sha512-s1ZRRD89NelCYHty1SpV1Elpv2LRrktgcddbZm9oTq1RPNpJFSrrEOAJhNz/w0fxTSjSN1Ey3TWZghjUjgKuzg==}
    hasBin: true
    requiresBuild: true
    optionalDependencies:
      turbo-darwin-64: 1.10.9
      turbo-darwin-arm64: 1.10.9
      turbo-linux-64: 1.10.9
      turbo-linux-arm64: 1.10.9
      turbo-windows-64: 1.10.9
      turbo-windows-arm64: 1.10.9
    dev: false
